
Microsoft Visual Studio Solution File, Format Version 12.00
# Visual Studio 15
VisualStudioVersion = 15.0.26124.0
MinimumVisualStudioVersion = 15.0.26124.0
Project("{FAE04EC0-301F-11D3-BF4B-00C04F79EFBC}") = "Domain", "Domain\Domain.csproj", "{08A2B661-39E0-410D-BF0F-DAE80B90ECDF}"
EndProject
Project("{FAE04EC0-301F-11D3-BF4B-00C04F79EFBC}") = "Application", "Application\Application.csproj", "{47064665-256E-402A-ABE7-15A481EC9A86}"
EndProject
Project("{FAE04EC0-301F-11D3-BF4B-00C04F79EFBC}") = "Persistence", "Persistence\Persistence.csproj", "{9FE43F84-7137-4EBA-B4E4-651758F33243}"
EndProject
Project("{FAE04EC0-301F-11D3-BF4B-00C04F79EFBC}") = "API", "API\API.csproj", "{8B2814BE-D324-4FE8-A046-52CCE9D16622}"
EndProject
Global
	GlobalSection(SolutionConfigurationPlatforms) = preSolution
		Debug|Any CPU = Debug|Any CPU
		Debug|x64 = Debug|x64
		Debug|x86 = Debug|x86
		Release|Any CPU = Release|Any CPU
		Release|x64 = Release|x64
		Release|x86 = Release|x86
	EndGlobalSection
	GlobalSection(SolutionProperties) = preSolution
		HideSolutionNode = FALSE
	EndGlobalSection
	GlobalSection(ProjectConfigurationPlatforms) = postSolution
		{08A2B661-39E0-410D-BF0F-DAE80B90ECDF}.Debug|Any CPU.ActiveCfg = Debug|Any CPU
		{08A2B661-39E0-410D-BF0F-DAE80B90ECDF}.Debug|Any CPU.Build.0 = Debug|Any CPU
		{08A2B661-39E0-410D-BF0F-DAE80B90ECDF}.Debug|x64.ActiveCfg = Debug|Any CPU
		{08A2B661-39E0-410D-BF0F-DAE80B90ECDF}.Debug|x64.Build.0 = Debug|Any CPU
		{08A2B661-39E0-410D-BF0F-DAE80B90ECDF}.Debug|x86.ActiveCfg = Debug|Any CPU
		{08A2B661-39E0-410D-BF0F-DAE80B90ECDF}.Debug|x86.Build.0 = Debug|Any CPU
		{08A2B661-39E0-410D-BF0F-DAE80B90ECDF}.Release|Any CPU.ActiveCfg = Release|Any CPU
		{08A2B661-39E0-410D-BF0F-DAE80B90ECDF}.Release|Any CPU.Build.0 = Release|Any CPU
		{08A2B661-39E0-410D-BF0F-DAE80B90ECDF}.Release|x64.ActiveCfg = Release|Any CPU
		{08A2B661-39E0-410D-BF0F-DAE80B90ECDF}.Release|x64.Build.0 = Release|Any CPU
		{08A2B661-39E0-410D-BF0F-DAE80B90ECDF}.Release|x86.ActiveCfg = Release|Any CPU
		{08A2B661-39E0-410D-BF0F-DAE80B90ECDF}.Release|x86.Build.0 = Release|Any CPU
		{47064665-256E-402A-ABE7-15A481EC9A86}.Debug|Any CPU.ActiveCfg = Debug|Any CPU
		{47064665-256E-402A-ABE7-15A481EC9A86}.Debug|Any CPU.Build.0 = Debug|Any CPU
		{47064665-256E-402A-ABE7-15A481EC9A86}.Debug|x64.ActiveCfg = Debug|Any CPU
		{47064665-256E-402A-ABE7-15A481EC9A86}.Debug|x64.Build.0 = Debug|Any CPU
		{47064665-256E-402A-ABE7-15A481EC9A86}.Debug|x86.ActiveCfg = Debug|Any CPU
		{47064665-256E-402A-ABE7-15A481EC9A86}.Debug|x86.Build.0 = Debug|Any CPU
		{47064665-256E-402A-ABE7-15A481EC9A86}.Release|Any CPU.ActiveCfg = Release|Any CPU
		{47064665-256E-402A-ABE7-15A481EC9A86}.Release|Any CPU.Build.0 = Release|Any CPU
		{47064665-256E-402A-ABE7-15A481EC9A86}.Release|x64.ActiveCfg = Release|Any CPU
		{47064665-256E-402A-ABE7-15A481EC9A86}.Release|x64.Build.0 = Release|Any CPU
		{47064665-256E-402A-ABE7-15A481EC9A86}.Release|x86.ActiveCfg = Release|Any CPU
		{47064665-256E-402A-ABE7-15A481EC9A86}.Release|x86.Build.0 = Release|Any CPU
		{9FE43F84-7137-4EBA-B4E4-651758F33243}.Debug|Any CPU.ActiveCfg = Debug|Any CPU
		{9FE43F84-7137-4EBA-B4E4-651758F33243}.Debug|Any CPU.Build.0 = Debug|Any CPU
		{9FE43F84-7137-4EBA-B4E4-651758F33243}.Debug|x64.ActiveCfg = Debug|Any CPU
		{9FE43F84-7137-4EBA-B4E4-651758F33243}.Debug|x64.Build.0 = Debug|Any CPU
		{9FE43F84-7137-4EBA-B4E4-651758F33243}.Debug|x86.ActiveCfg = Debug|Any CPU
		{9FE43F84-7137-4EBA-B4E4-651758F33243}.Debug|x86.Build.0 = Debug|Any CPU
		{9FE43F84-7137-4EBA-B4E4-651758F33243}.Release|Any CPU.ActiveCfg = Release|Any CPU
		{9FE43F84-7137-4EBA-B4E4-651758F33243}.Release|Any CPU.Build.0 = Release|Any CPU
		{9FE43F84-7137-4EBA-B4E4-651758F33243}.Release|x64.ActiveCfg = Release|Any CPU
		{9FE43F84-7137-4EBA-B4E4-651758F33243}.Release|x64.Build.0 = Release|Any CPU
		{9FE43F84-7137-4EBA-B4E4-651758F33243}.Release|x86.ActiveCfg = Release|Any CPU
		{9FE43F84-7137-4EBA-B4E4-651758F33243}.Release|x86.Build.0 = Release|Any CPU
		{8B2814BE-D324-4FE8-A046-52CCE9D16622}.Debug|Any CPU.ActiveCfg = Debug|Any CPU
		{8B2814BE-D324-4FE8-A046-52CCE9D16622}.Debug|Any CPU.Build.0 = Debug|Any CPU
		{8B2814BE-D324-4FE8-A046-52CCE9D16622}.Debug|x64.ActiveCfg = Debug|Any CPU
		{8B2814BE-D324-4FE8-A046-52CCE9D16622}.Debug|x64.Build.0 = Debug|Any CPU
		{8B2814BE-D324-4FE8-A046-52CCE9D16622}.Debug|x86.ActiveCfg = Debug|Any CPU
		{8B2814BE-D324-4FE8-A046-52CCE9D16622}.Debug|x86.Build.0 = Debug|Any CPU
		{8B2814BE-D324-4FE8-A046-52CCE9D16622}.Release|Any CPU.ActiveCfg = Release|Any CPU
		{8B2814BE-D324-4FE8-A046-52CCE9D16622}.Release|Any CPU.Build.0 = Release|Any CPU
		{8B2814BE-D324-4FE8-A046-52CCE9D16622}.Release|x64.ActiveCfg = Release|Any CPU
		{8B2814BE-D324-4FE8-A046-52CCE9D16622}.Release|x64.Build.0 = Release|Any CPU
		{8B2814BE-D324-4FE8-A046-52CCE9D16622}.Release|x86.ActiveCfg = Release|Any CPU
		{8B2814BE-D324-4FE8-A046-52CCE9D16622}.Release|x86.Build.0 = Release|Any CPU
	EndGlobalSection
EndGlobal
